// !$*UTF8*$!
{
	archiveVersion = 1;
	classes = {
	};
	objectVersion = 56;
	objects = {

/* Begin PBXBuildFile section */
		10346A9D28F3C89300A41C6F /* CafejariApp.swift in Sources */ = {isa = PBXBuildFile; fileRef = 10346A9C28F3C89300A41C6F /* CafejariApp.swift */; };
		10346AA128F3C89400A41C6F /* Assets.xcassets in Resources */ = {isa = PBXBuildFile; fileRef = 10346AA028F3C89400A41C6F /* Assets.xcassets */; };
		10346AA628F3C89400A41C6F /* Persistence.swift in Sources */ = {isa = PBXBuildFile; fileRef = 10346AA528F3C89400A41C6F /* Persistence.swift */; };
		10346AA928F3C89400A41C6F /* Cafejari.xcdatamodeld in Sources */ = {isa = PBXBuildFile; fileRef = 10346AA728F3C89400A41C6F /* Cafejari.xcdatamodeld */; };
		10346AB328F3E73700A41C6F /* ProfileView.swift in Sources */ = {isa = PBXBuildFile; fileRef = 10346AB228F3E73700A41C6F /* ProfileView.swift */; };
		10346AB528F3E74D00A41C6F /* ProfileEditView.swift in Sources */ = {isa = PBXBuildFile; fileRef = 10346AB428F3E74D00A41C6F /* ProfileEditView.swift */; };
		10346AB728F3E77300A41C6F /* PromotionView.swift in Sources */ = {isa = PBXBuildFile; fileRef = 10346AB628F3E77300A41C6F /* PromotionView.swift */; };
		10346AB928F3E79200A41C6F /* ShopView.swift in Sources */ = {isa = PBXBuildFile; fileRef = 10346AB828F3E79200A41C6F /* ShopView.swift */; };
		10346ABB28F3E7A300A41C6F /* ShoppingBagView.swift in Sources */ = {isa = PBXBuildFile; fileRef = 10346ABA28F3E7A300A41C6F /* ShoppingBagView.swift */; };
		10346ABD28F3E7CF00A41C6F /* GuideGridView.swift in Sources */ = {isa = PBXBuildFile; fileRef = 10346ABC28F3E7CF00A41C6F /* GuideGridView.swift */; };
		10346ABF28F3E7F000A41C6F /* GuideView.swift in Sources */ = {isa = PBXBuildFile; fileRef = 10346ABE28F3E7F000A41C6F /* GuideView.swift */; };
		10346AC728F3E87600A41C6F /* MasterRoomView.swift in Sources */ = {isa = PBXBuildFile; fileRef = 10346AC628F3E87600A41C6F /* MasterRoomView.swift */; };
		10346AC928F3EA0F00A41C6F /* LoginView.swift in Sources */ = {isa = PBXBuildFile; fileRef = 10346AC828F3EA0F00A41C6F /* LoginView.swift */; };
		10346ACD28F3EAE700A41C6F /* AuthView.swift in Sources */ = {isa = PBXBuildFile; fileRef = 10346ACC28F3EAE700A41C6F /* AuthView.swift */; };
		10346AD928F6726200A41C6F /* Extension.swift in Sources */ = {isa = PBXBuildFile; fileRef = 10346AD828F6726200A41C6F /* Extension.swift */; };
		106130AB290237120023C22E /* CafeInfo.swift in Sources */ = {isa = PBXBuildFile; fileRef = 106130AA290237120023C22E /* CafeInfo.swift */; };
		106130AD290240A10023C22E /* CafeDto.swift in Sources */ = {isa = PBXBuildFile; fileRef = 106130AC290240A10023C22E /* CafeDto.swift */; };
		106130B1290247510023C22E /* CafeRepository.swift in Sources */ = {isa = PBXBuildFile; fileRef = 106130B0290247510023C22E /* CafeRepository.swift */; };
		106130B3290248840023C22E /* CafeViewModel.swift in Sources */ = {isa = PBXBuildFile; fileRef = 106130B2290248840023C22E /* CafeViewModel.swift */; };
		106130B52902C07F0023C22E /* Crowded.swift in Sources */ = {isa = PBXBuildFile; fileRef = 106130B42902C07F0023C22E /* Crowded.swift */; };
		106130B7290402A50023C22E /* CustomMarkerInfoWindow.swift in Sources */ = {isa = PBXBuildFile; fileRef = 106130B6290402A50023C22E /* CustomMarkerInfoWindow.swift */; };
		106130BD290636C70023C22E /* RoundButton.swift in Sources */ = {isa = PBXBuildFile; fileRef = 106130BC290636C70023C22E /* RoundButton.swift */; };
		106130BF290660520023C22E /* FullScreenLoadingView.swift in Sources */ = {isa = PBXBuildFile; fileRef = 106130BE290660520023C22E /* FullScreenLoadingView.swift */; };
		106130C32906B7450023C22E /* SheetHandle.swift in Sources */ = {isa = PBXBuildFile; fileRef = 106130C22906B7450023C22E /* SheetHandle.swift */; };
		106130C72907A5E00023C22E /* CafeLogDto.swift in Sources */ = {isa = PBXBuildFile; fileRef = 106130C62907A5E00023C22E /* CafeLogDto.swift */; };
		106130C92907A8410023C22E /* CafeLog.swift in Sources */ = {isa = PBXBuildFile; fileRef = 106130C82907A8410023C22E /* CafeLog.swift */; };
		106130CB2907A8D60023C22E /* CafeMaster.swift in Sources */ = {isa = PBXBuildFile; fileRef = 106130CA2907A8D60023C22E /* CafeMaster.swift */; };
		106130CD2907B1440023C22E /* CustomURLRequest.swift in Sources */ = {isa = PBXBuildFile; fileRef = 106130CC2907B1440023C22E /* CustomURLRequest.swift */; };
		106130D129090B810023C22E /* Time.swift in Sources */ = {isa = PBXBuildFile; fileRef = 106130D029090B810023C22E /* Time.swift */; };
		106130D5290A5F0B0023C22E /* RoundProfileImage.swift in Sources */ = {isa = PBXBuildFile; fileRef = 106130D4290A5F0B0023C22E /* RoundProfileImage.swift */; };
		106130DA290B9B6D0023C22E /* CalendarView.swift in Sources */ = {isa = PBXBuildFile; fileRef = 106130D9290B9B6D0023C22E /* CalendarView.swift */; };
		106130DF290BD3AA0023C22E /* FSCalendar in Frameworks */ = {isa = PBXBuildFile; productRef = 106130DE290BD3AA0023C22E /* FSCalendar */; };
		106130E5290BE37A0023C22E /* Paragraph.swift in Sources */ = {isa = PBXBuildFile; fileRef = 106130E4290BE37A0023C22E /* Paragraph.swift */; };
		106130E7290BE4040023C22E /* InformationDto.swift in Sources */ = {isa = PBXBuildFile; fileRef = 106130E6290BE4040023C22E /* InformationDto.swift */; };
		106130E9290BFCB40023C22E /* Spacer.swift in Sources */ = {isa = PBXBuildFile; fileRef = 106130E8290BFCB40023C22E /* Spacer.swift */; };
		1067B87D291E3E3F008ADB4A /* AudioToolbox.framework in Frameworks */ = {isa = PBXBuildFile; fileRef = 1067B87C291E3E3F008ADB4A /* AudioToolbox.framework */; };
		1067B87F291E571B008ADB4A /* AdBannerView.swift in Sources */ = {isa = PBXBuildFile; fileRef = 1067B87E291E571B008ADB4A /* AdBannerView.swift */; };
		1067B881291E6CE4008ADB4A /* AdInterstitialView.swift in Sources */ = {isa = PBXBuildFile; fileRef = 1067B880291E6CE4008ADB4A /* AdInterstitialView.swift */; };
		1067B883291F8134008ADB4A /* AdUnit.swift in Sources */ = {isa = PBXBuildFile; fileRef = 1067B882291F8134008ADB4A /* AdUnit.swift */; };
		1067B885291F911E008ADB4A /* MiniGoogleMapView.swift in Sources */ = {isa = PBXBuildFile; fileRef = 1067B884291F911E008ADB4A /* MiniGoogleMapView.swift */; };
		1067B887291FA59D008ADB4A /* LoginRepository.swift in Sources */ = {isa = PBXBuildFile; fileRef = 1067B886291FA59D008ADB4A /* LoginRepository.swift */; };
		1067B889291FA6C8008ADB4A /* LoginViewModel.swift in Sources */ = {isa = PBXBuildFile; fileRef = 1067B888291FA6C8008ADB4A /* LoginViewModel.swift */; };
		1067B88B291FAE40008ADB4A /* Leader.swift in Sources */ = {isa = PBXBuildFile; fileRef = 1067B88A291FAE40008ADB4A /* Leader.swift */; };
		1067B8B329226697008ADB4A /* Roboto-Medium.ttf in Resources */ = {isa = PBXBuildFile; fileRef = 1067B8B229226697008ADB4A /* Roboto-Medium.ttf */; };
		1067B8B7292273FA008ADB4A /* FilledCtaButton.swift in Sources */ = {isa = PBXBuildFile; fileRef = 1067B8B6292273FA008ADB4A /* FilledCtaButton.swift */; };
		1067B8BA2922759E008ADB4A /* BorderedCtaButton.swift in Sources */ = {isa = PBXBuildFile; fileRef = 1067B8B92922759E008ADB4A /* BorderedCtaButton.swift */; };
		1067B8BE292343E6008ADB4A /* RoundTimeFrame.swift in Sources */ = {isa = PBXBuildFile; fileRef = 1067B8BD292343E6008ADB4A /* RoundTimeFrame.swift */; };
		1067B8C2292394B2008ADB4A /* Modifier.swift in Sources */ = {isa = PBXBuildFile; fileRef = 1067B8C1292394B2008ADB4A /* Modifier.swift */; };
		1067B8C62923A17B008ADB4A /* CheckBox.swift in Sources */ = {isa = PBXBuildFile; fileRef = 1067B8C52923A17B008ADB4A /* CheckBox.swift */; };
		1067B8CC2924AF8B008ADB4A /* MenuItem.swift in Sources */ = {isa = PBXBuildFile; fileRef = 1067B8CB2924AF8B008ADB4A /* MenuItem.swift */; };
		1067B8CE2924FB9B008ADB4A /* CrowdedColorBar.swift in Sources */ = {isa = PBXBuildFile; fileRef = 1067B8CD2924FB9A008ADB4A /* CrowdedColorBar.swift */; };
		1067B8D029264B2C008ADB4A /* NavigationTitle.swift in Sources */ = {isa = PBXBuildFile; fileRef = 1067B8CF29264B2C008ADB4A /* NavigationTitle.swift */; };
		1067B8D22927480D008ADB4A /* SecondaryDivider.swift in Sources */ = {isa = PBXBuildFile; fileRef = 1067B8D12927480D008ADB4A /* SecondaryDivider.swift */; };
		1067B8DA292B37CE008ADB4A /* PermissionRequestView.swift in Sources */ = {isa = PBXBuildFile; fileRef = 1067B8D9292B37CE008ADB4A /* PermissionRequestView.swift */; };
		10A4298728F7C8B000D5E6BC /* Navigation.swift in Sources */ = {isa = PBXBuildFile; fileRef = 10A4298628F7C8B000D5E6BC /* Navigation.swift */; };
		10A4299528FBC04D00D5E6BC /* FloorTap.swift in Sources */ = {isa = PBXBuildFile; fileRef = 10A4299428FBC04D00D5E6BC /* FloorTap.swift */; };
		10A4299728FC104100D5E6BC /* SplachView.swift in Sources */ = {isa = PBXBuildFile; fileRef = 10A4299628FC104100D5E6BC /* SplachView.swift */; };
		10A4299A28FD086B00D5E6BC /* KakaoSDK in Frameworks */ = {isa = PBXBuildFile; productRef = 10A4299928FD086B00D5E6BC /* KakaoSDK */; };
		10A4299C28FD086B00D5E6BC /* KakaoSDKAuth in Frameworks */ = {isa = PBXBuildFile; productRef = 10A4299B28FD086B00D5E6BC /* KakaoSDKAuth */; };
		10A4299E28FD086B00D5E6BC /* KakaoSDKCommon in Frameworks */ = {isa = PBXBuildFile; productRef = 10A4299D28FD086B00D5E6BC /* KakaoSDKCommon */; };
		10A429A028FD086B00D5E6BC /* KakaoSDKCommonCore in Frameworks */ = {isa = PBXBuildFile; productRef = 10A4299F28FD086B00D5E6BC /* KakaoSDKCommonCore */; };
		10A429A228FD086B00D5E6BC /* KakaoSDKUser in Frameworks */ = {isa = PBXBuildFile; productRef = 10A429A128FD086B00D5E6BC /* KakaoSDKUser */; };
		10A429AA28FD6C5200D5E6BC /* Item.swift in Sources */ = {isa = PBXBuildFile; fileRef = 10A429A928FD6C5200D5E6BC /* Item.swift */; };
		10A429AC28FD70F600D5E6BC /* HttpRoute.swift in Sources */ = {isa = PBXBuildFile; fileRef = 10A429AB28FD70F600D5E6BC /* HttpRoute.swift */; };
		10A429B228FD9EC900D5E6BC /* ShopRepository.swift in Sources */ = {isa = PBXBuildFile; fileRef = 10A429B128FD9EC900D5E6BC /* ShopRepository.swift */; };
		10A429B528FE545400D5E6BC /* ShopViewModel.swift in Sources */ = {isa = PBXBuildFile; fileRef = 10A429B428FE545400D5E6BC /* ShopViewModel.swift */; };
		10A429BA28FE6BC700D5E6BC /* CachedAsyncImage in Frameworks */ = {isa = PBXBuildFile; productRef = 10A429B928FE6BC700D5E6BC /* CachedAsyncImage */; };
		10A429BD28FE6FE000D5E6BC /* DependencyInjector.swift in Sources */ = {isa = PBXBuildFile; fileRef = 10A429BC28FE6FE000D5E6BC /* DependencyInjector.swift */; };
		10A429BF28FE76FE00D5E6BC /* Dependencies.swift in Sources */ = {isa = PBXBuildFile; fileRef = 10A429BE28FE76FE00D5E6BC /* Dependencies.swift */; };
		10A429C128FE7BC200D5E6BC /* InformationRepository.swift in Sources */ = {isa = PBXBuildFile; fileRef = 10A429C028FE7BC200D5E6BC /* InformationRepository.swift */; };
		10A429C528FE7E5900D5E6BC /* InformationViewModel.swift in Sources */ = {isa = PBXBuildFile; fileRef = 10A429C428FE7E5900D5E6BC /* InformationViewModel.swift */; };
		10A429C928FE860100D5E6BC /* BaseViewModel.swift in Sources */ = {isa = PBXBuildFile; fileRef = 10A429C828FE860100D5E6BC /* BaseViewModel.swift */; };
		10A429CB28FE86B200D5E6BC /* TokenRepository.swift in Sources */ = {isa = PBXBuildFile; fileRef = 10A429CA28FE86B200D5E6BC /* TokenRepository.swift */; };
		10A429CD28FEB5B200D5E6BC /* User.swift in Sources */ = {isa = PBXBuildFile; fileRef = 10A429CC28FEB5B200D5E6BC /* User.swift */; };
		10A429D028FEB8F000D5E6BC /* UserDto.swift in Sources */ = {isa = PBXBuildFile; fileRef = 10A429CF28FEB8F000D5E6BC /* UserDto.swift */; };
		10A429D228FEC20B00D5E6BC /* UserRepository.swift in Sources */ = {isa = PBXBuildFile; fileRef = 10A429D128FEC20B00D5E6BC /* UserRepository.swift */; };
		10A429D528FECFCB00D5E6BC /* UserViewModel.swift in Sources */ = {isa = PBXBuildFile; fileRef = 10A429D428FECFCB00D5E6BC /* UserViewModel.swift */; };
		10A429D728FFBC9C00D5E6BC /* CoreState.swift in Sources */ = {isa = PBXBuildFile; fileRef = 10A429D628FFBC9C00D5E6BC /* CoreState.swift */; };
		10A429DB29001AE300D5E6BC /* Event.swift in Sources */ = {isa = PBXBuildFile; fileRef = 10A429DA29001AE300D5E6BC /* Event.swift */; };
		10A429DD2900FC1C00D5E6BC /* AppDelegate.swift in Sources */ = {isa = PBXBuildFile; fileRef = 10A429DC2900FC1C00D5E6BC /* AppDelegate.swift */; };
		10A429DF290107E000D5E6BC /* GoogleMapView.swift in Sources */ = {isa = PBXBuildFile; fileRef = 10A429DE290107DF00D5E6BC /* GoogleMapView.swift */; };
		10D5658F29346A0B005188EA /* Version.swift in Sources */ = {isa = PBXBuildFile; fileRef = 10D5658E29346A0B005188EA /* Version.swift */; };
		10D565932934D15D005188EA /* AdViewModel.swift in Sources */ = {isa = PBXBuildFile; fileRef = 10D565922934D15D005188EA /* AdViewModel.swift */; };
		10D565952935E01E005188EA /* AdRewardedInterstitialView.swift in Sources */ = {isa = PBXBuildFile; fileRef = 10D565942935E01E005188EA /* AdRewardedInterstitialView.swift */; };
		10D56599294ED257005188EA /* OnboardingDialog.swift in Sources */ = {isa = PBXBuildFile; fileRef = 10D56598294ED257005188EA /* OnboardingDialog.swift */; };
		10D5659B29530FAD005188EA /* Locations.swift in Sources */ = {isa = PBXBuildFile; fileRef = 10D5659A29530FAD005188EA /* Locations.swift */; };
		10F4C862290E40590039881A /* ApplicationUtility.swift in Sources */ = {isa = PBXBuildFile; fileRef = 10F4C861290E40590039881A /* ApplicationUtility.swift */; };
		10F4C864290E48E10039881A /* GoogleService-Info.plist in Resources */ = {isa = PBXBuildFile; fileRef = 10F4C863290E48E10039881A /* GoogleService-Info.plist */; };
		10F4C866290E7DE80039881A /* ErrorResponse.swift in Sources */ = {isa = PBXBuildFile; fileRef = 10F4C865290E7DE80039881A /* ErrorResponse.swift */; };
		10F4C869290FE1640039881A /* Purchase.swift in Sources */ = {isa = PBXBuildFile; fileRef = 10F4C868290FE1640039881A /* Purchase.swift */; };
		10F4C86D2910DA100039881A /* KakaoLoginButton.swift in Sources */ = {isa = PBXBuildFile; fileRef = 10F4C86C2910DA100039881A /* KakaoLoginButton.swift */; };
		10F4C86F2910DB2C0039881A /* GoogleLoginButton.swift in Sources */ = {isa = PBXBuildFile; fileRef = 10F4C86E2910DB2C0039881A /* GoogleLoginButton.swift */; };
		10F4C8712910DE450039881A /* AppleLoginButton.swift in Sources */ = {isa = PBXBuildFile; fileRef = 10F4C8702910DE450039881A /* AppleLoginButton.swift */; };
		10F4C8732910EFA20039881A /* UIImagePicker.swift in Sources */ = {isa = PBXBuildFile; fileRef = 10F4C8722910EFA20039881A /* UIImagePicker.swift */; };
		10F4C87529122EB40039881A /* SnackBar.swift in Sources */ = {isa = PBXBuildFile; fileRef = 10F4C87429122EB40039881A /* SnackBar.swift */; };
		10F4C87929129C3B0039881A /* Dialog.swift in Sources */ = {isa = PBXBuildFile; fileRef = 10F4C87829129C3B0039881A /* Dialog.swift */; };
		10F4C87D29150E770039881A /* LeaderBoardView.swift in Sources */ = {isa = PBXBuildFile; fileRef = 10F4C87C29150E770039881A /* LeaderBoardView.swift */; };
		10F4C87F29150EFB0039881A /* MapView.swift in Sources */ = {isa = PBXBuildFile; fileRef = 10F4C87E29150EFB0039881A /* MapView.swift */; };
		10F4C881291510400039881A /* CafeInquiryView.swift in Sources */ = {isa = PBXBuildFile; fileRef = 10F4C880291510400039881A /* CafeInquiryView.swift */; };
		10F4C883291513D10039881A /* MapSheetCafeInfoView.swift in Sources */ = {isa = PBXBuildFile; fileRef = 10F4C882291513D10039881A /* MapSheetCafeInfoView.swift */; };
		10F4C885291514060039881A /* MapSheetCafeCrowdedView.swift in Sources */ = {isa = PBXBuildFile; fileRef = 10F4C884291514060039881A /* MapSheetCafeCrowdedView.swift */; };
		10F4C887291515E40039881A /* Laboratory.swift in Sources */ = {isa = PBXBuildFile; fileRef = 10F4C886291515E40039881A /* Laboratory.swift */; };
		10F4C88929153E3F0039881A /* MasterDetailView.swift in Sources */ = {isa = PBXBuildFile; fileRef = 10F4C88829153E3F0039881A /* MasterDetailView.swift */; };
		10F4C88B29161DD50039881A /* PatchNoteView.swift in Sources */ = {isa = PBXBuildFile; fileRef = 10F4C88A29161DD50039881A /* PatchNoteView.swift */; };
		10F4C88D291623F30039881A /* FAQView.swift in Sources */ = {isa = PBXBuildFile; fileRef = 10F4C88C291623F30039881A /* FAQView.swift */; };
		10F4C88F29162C0D0039881A /* InquiryView.swift in Sources */ = {isa = PBXBuildFile; fileRef = 10F4C88E29162C0D0039881A /* InquiryView.swift */; };
		10F4C8912917B0330039881A /* ActivatedMasterRoom.swift in Sources */ = {isa = PBXBuildFile; fileRef = 10F4C8902917B0330039881A /* ActivatedMasterRoom.swift */; };
		10F4C8932917B04E0039881A /* InactivatedMasterRoom.swift in Sources */ = {isa = PBXBuildFile; fileRef = 10F4C8922917B04E0039881A /* InactivatedMasterRoom.swift */; };
		10F4C8952918B0940039881A /* CustomError.swift in Sources */ = {isa = PBXBuildFile; fileRef = 10F4C8942918B0940039881A /* CustomError.swift */; };
		10F4C8972919FAE70039881A /* PointResultView.swift in Sources */ = {isa = PBXBuildFile; fileRef = 10F4C8962919FAE70039881A /* PointResultView.swift */; };
		10F4C899291B60930039881A /* SocialUserType.swift in Sources */ = {isa = PBXBuildFile; fileRef = 10F4C898291B60930039881A /* SocialUserType.swift */; };
		10F4C89B291BCC320039881A /* PointResultViewType.swift in Sources */ = {isa = PBXBuildFile; fileRef = 10F4C89A291BCC320039881A /* PointResultViewType.swift */; };
		4CFF892272974433CC45F2D4 /* Pods_Cafejari.framework in Frameworks */ = {isa = PBXBuildFile; fileRef = D0585395CD16568AC4E7D6F5 /* Pods_Cafejari.framework */; };
/* End PBXBuildFile section */

/* Begin PBXFileReference section */
		10346A9928F3C89300A41C6F /* Cafejari.app */ = {isa = PBXFileReference; explicitFileType = wrapper.application; includeInIndex = 0; path = Cafejari.app; sourceTree = BUILT_PRODUCTS_DIR; };
		10346A9C28F3C89300A41C6F /* CafejariApp.swift */ = {isa = PBXFileReference; lastKnownFileType = sourcecode.swift; path = CafejariApp.swift; sourceTree = "<group>"; };
		10346AA028F3C89400A41C6F /* Assets.xcassets */ = {isa = PBXFileReference; lastKnownFileType = folder.assetcatalog; path = Assets.xcassets; sourceTree = "<group>"; };
		10346AA528F3C89400A41C6F /* Persistence.swift */ = {isa = PBXFileReference; lastKnownFileType = sourcecode.swift; path = Persistence.swift; sourceTree = "<group>"; };
		10346AA828F3C89400A41C6F /* Cafejari.xcdatamodel */ = {isa = PBXFileReference; lastKnownFileType = wrapper.xcdatamodel; path = Cafejari.xcdatamodel; sourceTree = "<group>"; };
		10346AB228F3E73700A41C6F /* ProfileView.swift */ = {isa = PBXFileReference; lastKnownFileType = sourcecode.swift; path = ProfileView.swift; sourceTree = "<group>"; };
		10346AB428F3E74D00A41C6F /* ProfileEditView.swift */ = {isa = PBXFileReference; lastKnownFileType = sourcecode.swift; path = ProfileEditView.swift; sourceTree = "<group>"; };
		10346AB628F3E77300A41C6F /* PromotionView.swift */ = {isa = PBXFileReference; lastKnownFileType = sourcecode.swift; path = PromotionView.swift; sourceTree = "<group>"; };
		10346AB828F3E79200A41C6F /* ShopView.swift */ = {isa = PBXFileReference; lastKnownFileType = sourcecode.swift; path = ShopView.swift; sourceTree = "<group>"; };
		10346ABA28F3E7A300A41C6F /* ShoppingBagView.swift */ = {isa = PBXFileReference; lastKnownFileType = sourcecode.swift; path = ShoppingBagView.swift; sourceTree = "<group>"; };
		10346ABC28F3E7CF00A41C6F /* GuideGridView.swift */ = {isa = PBXFileReference; lastKnownFileType = sourcecode.swift; path = GuideGridView.swift; sourceTree = "<group>"; };
		10346ABE28F3E7F000A41C6F /* GuideView.swift */ = {isa = PBXFileReference; lastKnownFileType = sourcecode.swift; path = GuideView.swift; sourceTree = "<group>"; };
		10346AC628F3E87600A41C6F /* MasterRoomView.swift */ = {isa = PBXFileReference; lastKnownFileType = sourcecode.swift; path = MasterRoomView.swift; sourceTree = "<group>"; };
		10346AC828F3EA0F00A41C6F /* LoginView.swift */ = {isa = PBXFileReference; lastKnownFileType = sourcecode.swift; path = LoginView.swift; sourceTree = "<group>"; };
		10346ACC28F3EAE700A41C6F /* AuthView.swift */ = {isa = PBXFileReference; lastKnownFileType = sourcecode.swift; path = AuthView.swift; sourceTree = "<group>"; };
		10346AD528F540D200A41C6F /* Info.plist */ = {isa = PBXFileReference; lastKnownFileType = text.plist.xml; path = Info.plist; sourceTree = "<group>"; };
		10346AD828F6726200A41C6F /* Extension.swift */ = {isa = PBXFileReference; lastKnownFileType = sourcecode.swift; path = Extension.swift; sourceTree = "<group>"; };
		106130AA290237120023C22E /* CafeInfo.swift */ = {isa = PBXFileReference; lastKnownFileType = sourcecode.swift; path = CafeInfo.swift; sourceTree = "<group>"; };
		106130AC290240A10023C22E /* CafeDto.swift */ = {isa = PBXFileReference; lastKnownFileType = sourcecode.swift; path = CafeDto.swift; sourceTree = "<group>"; };
		106130B0290247510023C22E /* CafeRepository.swift */ = {isa = PBXFileReference; lastKnownFileType = sourcecode.swift; path = CafeRepository.swift; sourceTree = "<group>"; };
		106130B2290248840023C22E /* CafeViewModel.swift */ = {isa = PBXFileReference; lastKnownFileType = sourcecode.swift; path = CafeViewModel.swift; sourceTree = "<group>"; };
		106130B42902C07F0023C22E /* Crowded.swift */ = {isa = PBXFileReference; lastKnownFileType = sourcecode.swift; path = Crowded.swift; sourceTree = "<group>"; };
		106130B6290402A50023C22E /* CustomMarkerInfoWindow.swift */ = {isa = PBXFileReference; lastKnownFileType = sourcecode.swift; path = CustomMarkerInfoWindow.swift; sourceTree = "<group>"; };
		106130BC290636C70023C22E /* RoundButton.swift */ = {isa = PBXFileReference; lastKnownFileType = sourcecode.swift; path = RoundButton.swift; sourceTree = "<group>"; };
		106130BE290660520023C22E /* FullScreenLoadingView.swift */ = {isa = PBXFileReference; lastKnownFileType = sourcecode.swift; path = FullScreenLoadingView.swift; sourceTree = "<group>"; };
		106130C22906B7450023C22E /* SheetHandle.swift */ = {isa = PBXFileReference; lastKnownFileType = sourcecode.swift; path = SheetHandle.swift; sourceTree = "<group>"; };
		106130C62907A5E00023C22E /* CafeLogDto.swift */ = {isa = PBXFileReference; lastKnownFileType = sourcecode.swift; path = CafeLogDto.swift; sourceTree = "<group>"; };
		106130C82907A8410023C22E /* CafeLog.swift */ = {isa = PBXFileReference; lastKnownFileType = sourcecode.swift; path = CafeLog.swift; sourceTree = "<group>"; };
		106130CA2907A8D60023C22E /* CafeMaster.swift */ = {isa = PBXFileReference; lastKnownFileType = sourcecode.swift; path = CafeMaster.swift; sourceTree = "<group>"; };
		106130CC2907B1440023C22E /* CustomURLRequest.swift */ = {isa = PBXFileReference; lastKnownFileType = sourcecode.swift; path = CustomURLRequest.swift; sourceTree = "<group>"; };
		106130D029090B810023C22E /* Time.swift */ = {isa = PBXFileReference; lastKnownFileType = sourcecode.swift; path = Time.swift; sourceTree = "<group>"; };
		106130D4290A5F0B0023C22E /* RoundProfileImage.swift */ = {isa = PBXFileReference; lastKnownFileType = sourcecode.swift; path = RoundProfileImage.swift; sourceTree = "<group>"; };
		106130D9290B9B6D0023C22E /* CalendarView.swift */ = {isa = PBXFileReference; lastKnownFileType = sourcecode.swift; path = CalendarView.swift; sourceTree = "<group>"; };
		106130E4290BE37A0023C22E /* Paragraph.swift */ = {isa = PBXFileReference; lastKnownFileType = sourcecode.swift; path = Paragraph.swift; sourceTree = "<group>"; };
		106130E6290BE4040023C22E /* InformationDto.swift */ = {isa = PBXFileReference; lastKnownFileType = sourcecode.swift; path = InformationDto.swift; sourceTree = "<group>"; };
		106130E8290BFCB40023C22E /* Spacer.swift */ = {isa = PBXFileReference; lastKnownFileType = sourcecode.swift; path = Spacer.swift; sourceTree = "<group>"; };
		1067B87C291E3E3F008ADB4A /* AudioToolbox.framework */ = {isa = PBXFileReference; lastKnownFileType = wrapper.framework; name = AudioToolbox.framework; path = System/Library/Frameworks/AudioToolbox.framework; sourceTree = SDKROOT; };
		1067B87E291E571B008ADB4A /* AdBannerView.swift */ = {isa = PBXFileReference; lastKnownFileType = sourcecode.swift; path = AdBannerView.swift; sourceTree = "<group>"; };
		1067B880291E6CE4008ADB4A /* AdInterstitialView.swift */ = {isa = PBXFileReference; lastKnownFileType = sourcecode.swift; path = AdInterstitialView.swift; sourceTree = "<group>"; };
		1067B882291F8134008ADB4A /* AdUnit.swift */ = {isa = PBXFileReference; lastKnownFileType = sourcecode.swift; path = AdUnit.swift; sourceTree = "<group>"; };
		1067B884291F911E008ADB4A /* MiniGoogleMapView.swift */ = {isa = PBXFileReference; lastKnownFileType = sourcecode.swift; path = MiniGoogleMapView.swift; sourceTree = "<group>"; };
		1067B886291FA59D008ADB4A /* LoginRepository.swift */ = {isa = PBXFileReference; lastKnownFileType = sourcecode.swift; path = LoginRepository.swift; sourceTree = "<group>"; };
		1067B888291FA6C8008ADB4A /* LoginViewModel.swift */ = {isa = PBXFileReference; lastKnownFileType = sourcecode.swift; path = LoginViewModel.swift; sourceTree = "<group>"; };
		1067B88A291FAE40008ADB4A /* Leader.swift */ = {isa = PBXFileReference; lastKnownFileType = sourcecode.swift; path = Leader.swift; sourceTree = "<group>"; };
		1067B8B229226697008ADB4A /* Roboto-Medium.ttf */ = {isa = PBXFileReference; lastKnownFileType = file; path = "Roboto-Medium.ttf"; sourceTree = "<group>"; };
		1067B8B6292273FA008ADB4A /* FilledCtaButton.swift */ = {isa = PBXFileReference; lastKnownFileType = sourcecode.swift; path = FilledCtaButton.swift; sourceTree = "<group>"; };
		1067B8B92922759E008ADB4A /* BorderedCtaButton.swift */ = {isa = PBXFileReference; lastKnownFileType = sourcecode.swift; path = BorderedCtaButton.swift; sourceTree = "<group>"; };
		1067B8BD292343E6008ADB4A /* RoundTimeFrame.swift */ = {isa = PBXFileReference; lastKnownFileType = sourcecode.swift; path = RoundTimeFrame.swift; sourceTree = "<group>"; };
		1067B8C1292394B2008ADB4A /* Modifier.swift */ = {isa = PBXFileReference; lastKnownFileType = sourcecode.swift; path = Modifier.swift; sourceTree = "<group>"; };
		1067B8C52923A17B008ADB4A /* CheckBox.swift */ = {isa = PBXFileReference; lastKnownFileType = sourcecode.swift; path = CheckBox.swift; sourceTree = "<group>"; };
		1067B8CB2924AF8B008ADB4A /* MenuItem.swift */ = {isa = PBXFileReference; lastKnownFileType = sourcecode.swift; path = MenuItem.swift; sourceTree = "<group>"; };
		1067B8CD2924FB9A008ADB4A /* CrowdedColorBar.swift */ = {isa = PBXFileReference; lastKnownFileType = sourcecode.swift; path = CrowdedColorBar.swift; sourceTree = "<group>"; };
		1067B8CF29264B2C008ADB4A /* NavigationTitle.swift */ = {isa = PBXFileReference; lastKnownFileType = sourcecode.swift; path = NavigationTitle.swift; sourceTree = "<group>"; };
		1067B8D12927480D008ADB4A /* SecondaryDivider.swift */ = {isa = PBXFileReference; lastKnownFileType = sourcecode.swift; path = SecondaryDivider.swift; sourceTree = "<group>"; };
		1067B8D8292A117F008ADB4A /* Preview Assets.xcassets */ = {isa = PBXFileReference; lastKnownFileType = folder.assetcatalog; path = "Preview Assets.xcassets"; sourceTree = "<group>"; };
		1067B8D9292B37CE008ADB4A /* PermissionRequestView.swift */ = {isa = PBXFileReference; lastKnownFileType = sourcecode.swift; path = PermissionRequestView.swift; sourceTree = "<group>"; };
		10A4298628F7C8B000D5E6BC /* Navigation.swift */ = {isa = PBXFileReference; lastKnownFileType = sourcecode.swift; path = Navigation.swift; sourceTree = "<group>"; };
		10A4299428FBC04D00D5E6BC /* FloorTap.swift */ = {isa = PBXFileReference; lastKnownFileType = sourcecode.swift; path = FloorTap.swift; sourceTree = "<group>"; };
		10A4299628FC104100D5E6BC /* SplachView.swift */ = {isa = PBXFileReference; lastKnownFileType = sourcecode.swift; path = SplachView.swift; sourceTree = "<group>"; };
		10A429A928FD6C5200D5E6BC /* Item.swift */ = {isa = PBXFileReference; lastKnownFileType = sourcecode.swift; path = Item.swift; sourceTree = "<group>"; };
		10A429AB28FD70F600D5E6BC /* HttpRoute.swift */ = {isa = PBXFileReference; lastKnownFileType = sourcecode.swift; path = HttpRoute.swift; sourceTree = "<group>"; };
		10A429B128FD9EC900D5E6BC /* ShopRepository.swift */ = {isa = PBXFileReference; lastKnownFileType = sourcecode.swift; path = ShopRepository.swift; sourceTree = "<group>"; };
		10A429B428FE545400D5E6BC /* ShopViewModel.swift */ = {isa = PBXFileReference; lastKnownFileType = sourcecode.swift; path = ShopViewModel.swift; sourceTree = "<group>"; };
		10A429BC28FE6FE000D5E6BC /* DependencyInjector.swift */ = {isa = PBXFileReference; lastKnownFileType = sourcecode.swift; path = DependencyInjector.swift; sourceTree = "<group>"; };
		10A429BE28FE76FE00D5E6BC /* Dependencies.swift */ = {isa = PBXFileReference; lastKnownFileType = sourcecode.swift; path = Dependencies.swift; sourceTree = "<group>"; };
		10A429C028FE7BC200D5E6BC /* InformationRepository.swift */ = {isa = PBXFileReference; lastKnownFileType = sourcecode.swift; path = InformationRepository.swift; sourceTree = "<group>"; };
		10A429C428FE7E5900D5E6BC /* InformationViewModel.swift */ = {isa = PBXFileReference; lastKnownFileType = sourcecode.swift; path = InformationViewModel.swift; sourceTree = "<group>"; };
		10A429C828FE860100D5E6BC /* BaseViewModel.swift */ = {isa = PBXFileReference; lastKnownFileType = sourcecode.swift; path = BaseViewModel.swift; sourceTree = "<group>"; };
		10A429CA28FE86B200D5E6BC /* TokenRepository.swift */ = {isa = PBXFileReference; lastKnownFileType = sourcecode.swift; path = TokenRepository.swift; sourceTree = "<group>"; };
		10A429CC28FEB5B200D5E6BC /* User.swift */ = {isa = PBXFileReference; lastKnownFileType = sourcecode.swift; path = User.swift; sourceTree = "<group>"; };
		10A429CF28FEB8F000D5E6BC /* UserDto.swift */ = {isa = PBXFileReference; lastKnownFileType = sourcecode.swift; path = UserDto.swift; sourceTree = "<group>"; };
		10A429D128FEC20B00D5E6BC /* UserRepository.swift */ = {isa = PBXFileReference; lastKnownFileType = sourcecode.swift; path = UserRepository.swift; sourceTree = "<group>"; };
		10A429D428FECFCB00D5E6BC /* UserViewModel.swift */ = {isa = PBXFileReference; lastKnownFileType = sourcecode.swift; path = UserViewModel.swift; sourceTree = "<group>"; };
		10A429D628FFBC9C00D5E6BC /* CoreState.swift */ = {isa = PBXFileReference; lastKnownFileType = sourcecode.swift; path = CoreState.swift; sourceTree = "<group>"; };
		10A429DA29001AE300D5E6BC /* Event.swift */ = {isa = PBXFileReference; lastKnownFileType = sourcecode.swift; path = Event.swift; sourceTree = "<group>"; };
		10A429DC2900FC1C00D5E6BC /* AppDelegate.swift */ = {isa = PBXFileReference; lastKnownFileType = sourcecode.swift; path = AppDelegate.swift; sourceTree = "<group>"; };
		10A429DE290107DF00D5E6BC /* GoogleMapView.swift */ = {isa = PBXFileReference; lastKnownFileType = sourcecode.swift; path = GoogleMapView.swift; sourceTree = "<group>"; };
		10D5658E29346A0B005188EA /* Version.swift */ = {isa = PBXFileReference; lastKnownFileType = sourcecode.swift; path = Version.swift; sourceTree = "<group>"; };
		10D565922934D15D005188EA /* AdViewModel.swift */ = {isa = PBXFileReference; lastKnownFileType = sourcecode.swift; path = AdViewModel.swift; sourceTree = "<group>"; };
		10D565942935E01E005188EA /* AdRewardedInterstitialView.swift */ = {isa = PBXFileReference; lastKnownFileType = sourcecode.swift; path = AdRewardedInterstitialView.swift; sourceTree = "<group>"; };
		10D56598294ED257005188EA /* OnboardingDialog.swift */ = {isa = PBXFileReference; lastKnownFileType = sourcecode.swift; path = OnboardingDialog.swift; sourceTree = "<group>"; };
		10D5659A29530FAD005188EA /* Locations.swift */ = {isa = PBXFileReference; lastKnownFileType = sourcecode.swift; path = Locations.swift; sourceTree = "<group>"; };
		10F4C861290E40590039881A /* ApplicationUtility.swift */ = {isa = PBXFileReference; lastKnownFileType = sourcecode.swift; path = ApplicationUtility.swift; sourceTree = "<group>"; };
		10F4C863290E48E10039881A /* GoogleService-Info.plist */ = {isa = PBXFileReference; fileEncoding = 4; lastKnownFileType = text.plist.xml; path = "GoogleService-Info.plist"; sourceTree = "<group>"; };
		10F4C865290E7DE80039881A /* ErrorResponse.swift */ = {isa = PBXFileReference; lastKnownFileType = sourcecode.swift; path = ErrorResponse.swift; sourceTree = "<group>"; };
		10F4C867290EAE4A0039881A /* Cafejari.entitlements */ = {isa = PBXFileReference; lastKnownFileType = text.plist.entitlements; path = Cafejari.entitlements; sourceTree = "<group>"; };
		10F4C868290FE1640039881A /* Purchase.swift */ = {isa = PBXFileReference; lastKnownFileType = sourcecode.swift; path = Purchase.swift; sourceTree = "<group>"; };
		10F4C86C2910DA100039881A /* KakaoLoginButton.swift */ = {isa = PBXFileReference; lastKnownFileType = sourcecode.swift; path = KakaoLoginButton.swift; sourceTree = "<group>"; };
		10F4C86E2910DB2C0039881A /* GoogleLoginButton.swift */ = {isa = PBXFileReference; lastKnownFileType = sourcecode.swift; path = GoogleLoginButton.swift; sourceTree = "<group>"; };
		10F4C8702910DE450039881A /* AppleLoginButton.swift */ = {isa = PBXFileReference; lastKnownFileType = sourcecode.swift; path = AppleLoginButton.swift; sourceTree = "<group>"; };
		10F4C8722910EFA20039881A /* UIImagePicker.swift */ = {isa = PBXFileReference; lastKnownFileType = sourcecode.swift; path = UIImagePicker.swift; sourceTree = "<group>"; };
		10F4C87429122EB40039881A /* SnackBar.swift */ = {isa = PBXFileReference; lastKnownFileType = sourcecode.swift; path = SnackBar.swift; sourceTree = "<group>"; };
		10F4C87829129C3B0039881A /* Dialog.swift */ = {isa = PBXFileReference; lastKnownFileType = sourcecode.swift; path = Dialog.swift; sourceTree = "<group>"; };
		10F4C87C29150E770039881A /* LeaderBoardView.swift */ = {isa = PBXFileReference; lastKnownFileType = sourcecode.swift; path = LeaderBoardView.swift; sourceTree = "<group>"; };
		10F4C87E29150EFB0039881A /* MapView.swift */ = {isa = PBXFileReference; lastKnownFileType = sourcecode.swift; path = MapView.swift; sourceTree = "<group>"; };
		10F4C880291510400039881A /* CafeInquiryView.swift */ = {isa = PBXFileReference; lastKnownFileType = sourcecode.swift; path = CafeInquiryView.swift; sourceTree = "<group>"; };
		10F4C882291513D10039881A /* MapSheetCafeInfoView.swift */ = {isa = PBXFileReference; lastKnownFileType = sourcecode.swift; path = MapSheetCafeInfoView.swift; sourceTree = "<group>"; };
		10F4C884291514060039881A /* MapSheetCafeCrowdedView.swift */ = {isa = PBXFileReference; lastKnownFileType = sourcecode.swift; path = MapSheetCafeCrowdedView.swift; sourceTree = "<group>"; };
		10F4C886291515E40039881A /* Laboratory.swift */ = {isa = PBXFileReference; lastKnownFileType = sourcecode.swift; path = Laboratory.swift; sourceTree = "<group>"; };
		10F4C88829153E3F0039881A /* MasterDetailView.swift */ = {isa = PBXFileReference; lastKnownFileType = sourcecode.swift; path = MasterDetailView.swift; sourceTree = "<group>"; };
		10F4C88A29161DD50039881A /* PatchNoteView.swift */ = {isa = PBXFileReference; lastKnownFileType = sourcecode.swift; path = PatchNoteView.swift; sourceTree = "<group>"; };
		10F4C88C291623F30039881A /* FAQView.swift */ = {isa = PBXFileReference; lastKnownFileType = sourcecode.swift; path = FAQView.swift; sourceTree = "<group>"; };
		10F4C88E29162C0D0039881A /* InquiryView.swift */ = {isa = PBXFileReference; lastKnownFileType = sourcecode.swift; path = InquiryView.swift; sourceTree = "<group>"; };
		10F4C8902917B0330039881A /* ActivatedMasterRoom.swift */ = {isa = PBXFileReference; lastKnownFileType = sourcecode.swift; path = ActivatedMasterRoom.swift; sourceTree = "<group>"; };
		10F4C8922917B04E0039881A /* InactivatedMasterRoom.swift */ = {isa = PBXFileReference; lastKnownFileType = sourcecode.swift; path = InactivatedMasterRoom.swift; sourceTree = "<group>"; };
		10F4C8942918B0940039881A /* CustomError.swift */ = {isa = PBXFileReference; lastKnownFileType = sourcecode.swift; path = CustomError.swift; sourceTree = "<group>"; };
		10F4C8962919FAE70039881A /* PointResultView.swift */ = {isa = PBXFileReference; lastKnownFileType = sourcecode.swift; path = PointResultView.swift; sourceTree = "<group>"; };
		10F4C898291B60930039881A /* SocialUserType.swift */ = {isa = PBXFileReference; lastKnownFileType = sourcecode.swift; path = SocialUserType.swift; sourceTree = "<group>"; };
		10F4C89A291BCC320039881A /* PointResultViewType.swift */ = {isa = PBXFileReference; lastKnownFileType = sourcecode.swift; path = PointResultViewType.swift; sourceTree = "<group>"; };
		3A389594E4A234FF2C97D50B /* Pods-Cafejari.debug.xcconfig */ = {isa = PBXFileReference; includeInIndex = 1; lastKnownFileType = text.xcconfig; name = "Pods-Cafejari.debug.xcconfig"; path = "Target Support Files/Pods-Cafejari/Pods-Cafejari.debug.xcconfig"; sourceTree = "<group>"; };
		BCA0FD4C823537A1AC1DE453 /* Pods-Cafejari.release.xcconfig */ = {isa = PBXFileReference; includeInIndex = 1; lastKnownFileType = text.xcconfig; name = "Pods-Cafejari.release.xcconfig"; path = "Target Support Files/Pods-Cafejari/Pods-Cafejari.release.xcconfig"; sourceTree = "<group>"; };
		D0585395CD16568AC4E7D6F5 /* Pods_Cafejari.framework */ = {isa = PBXFileReference; explicitFileType = wrapper.framework; includeInIndex = 0; path = Pods_Cafejari.framework; sourceTree = BUILT_PRODUCTS_DIR; };
/* End PBXFileReference section */

/* Begin PBXFrameworksBuildPhase section */
		10346A9628F3C89300A41C6F /* Frameworks */ = {
			isa = PBXFrameworksBuildPhase;
			buildActionMask = 2147483647;
			files = (
				10A4299A28FD086B00D5E6BC /* KakaoSDK in Frameworks */,
				10A429A028FD086B00D5E6BC /* KakaoSDKCommonCore in Frameworks */,
				10A4299E28FD086B00D5E6BC /* KakaoSDKCommon in Frameworks */,
				10A429BA28FE6BC700D5E6BC /* CachedAsyncImage in Frameworks */,
				10A429A228FD086B00D5E6BC /* KakaoSDKUser in Frameworks */,
				1067B87D291E3E3F008ADB4A /* AudioToolbox.framework in Frameworks */,
				106130DF290BD3AA0023C22E /* FSCalendar in Frameworks */,
				10A4299C28FD086B00D5E6BC /* KakaoSDKAuth in Frameworks */,
				4CFF892272974433CC45F2D4 /* Pods_Cafejari.framework in Frameworks */,
			);
			runOnlyForDeploymentPostprocessing = 0;
		};
/* End PBXFrameworksBuildPhase section */

/* Begin PBXGroup section */
		10346A9028F3C89300A41C6F = {
			isa = PBXGroup;
			children = (
				10346A9B28F3C89300A41C6F /* Cafejari */,
				10346A9A28F3C89300A41C6F /* Products */,
				171300182F584E2DBE5C68DA /* Pods */,
				AB057A0977318A524213D9FB /* Frameworks */,
			);
			sourceTree = "<group>";
		};
		10346A9A28F3C89300A41C6F /* Products */ = {
			isa = PBXGroup;
			children = (
				10346A9928F3C89300A41C6F /* Cafejari.app */,
			);
			name = Products;
			sourceTree = "<group>";
		};
		10346A9B28F3C89300A41C6F /* Cafejari */ = {
			isa = PBXGroup;
			children = (
				10A429BB28FE6FAD00D5E6BC /* DI */,
				10A429AD28FD9A6A00D5E6BC /* Resource */,
				10A429A628FD6C1100D5E6BC /* Data */,
				10346AAF28F3CDEE00A41C6F /* UI */,
				10346AD728F6723B00A41C6F /* Utility */,
				10346A9C28F3C89300A41C6F /* CafejariApp.swift */,
				10346AA528F3C89400A41C6F /* Persistence.swift */,
				10A429DC2900FC1C00D5E6BC /* AppDelegate.swift */,
				10F4C867290EAE4A0039881A /* Cafejari.entitlements */,
				1067B8D7292A117F008ADB4A /* Preview Content */,
			);
			path = Cafejari;
			sourceTree = "<group>";
		};
		10346AAF28F3CDEE00A41C6F /* UI */ = {
			isa = PBXGroup;
			children = (
				10A429B328FE541400D5E6BC /* ViewModel */,
				10346AB128F3CE4B00A41C6F /* Screen */,
				1067B8B829227414008ADB4A /* SubView */,
				10346AB028F3CDF500A41C6F /* Component */,
				10A429D628FFBC9C00D5E6BC /* CoreState.swift */,
			);
			path = UI;
			sourceTree = "<group>";
		};
		10346AB028F3CDF500A41C6F /* Component */ = {
			isa = PBXGroup;
			children = (
				1067B8CF29264B2C008ADB4A /* NavigationTitle.swift */,
				1067B8BD292343E6008ADB4A /* RoundTimeFrame.swift */,
				106130D4290A5F0B0023C22E /* RoundProfileImage.swift */,
				10A4299428FBC04D00D5E6BC /* FloorTap.swift */,
				106130B6290402A50023C22E /* CustomMarkerInfoWindow.swift */,
				106130BE290660520023C22E /* FullScreenLoadingView.swift */,
				106130C22906B7450023C22E /* SheetHandle.swift */,
				106130E8290BFCB40023C22E /* Spacer.swift */,
				1067B8D12927480D008ADB4A /* SecondaryDivider.swift */,
				1067B8B6292273FA008ADB4A /* FilledCtaButton.swift */,
				1067B8B92922759E008ADB4A /* BorderedCtaButton.swift */,
				106130BC290636C70023C22E /* RoundButton.swift */,
				10F4C86C2910DA100039881A /* KakaoLoginButton.swift */,
				10F4C86E2910DB2C0039881A /* GoogleLoginButton.swift */,
				10F4C8702910DE450039881A /* AppleLoginButton.swift */,
				1067B8C52923A17B008ADB4A /* CheckBox.swift */,
				1067B8CB2924AF8B008ADB4A /* MenuItem.swift */,
				1067B8CD2924FB9A008ADB4A /* CrowdedColorBar.swift */,
				10F4C87429122EB40039881A /* SnackBar.swift */,
				10F4C87829129C3B0039881A /* Dialog.swift */,
				1067B87E291E571B008ADB4A /* AdBannerView.swift */,
				1067B880291E6CE4008ADB4A /* AdInterstitialView.swift */,
				10D565942935E01E005188EA /* AdRewardedInterstitialView.swift */,
				10D56598294ED257005188EA /* OnboardingDialog.swift */,
			);
			path = Component;
			sourceTree = "<group>";
		};
		10346AB128F3CE4B00A41C6F /* Screen */ = {
			isa = PBXGroup;
			children = (
				10A4299628FC104100D5E6BC /* SplachView.swift */,
				10346AC828F3EA0F00A41C6F /* LoginView.swift */,
				10346ACC28F3EAE700A41C6F /* AuthView.swift */,
				1067B8D9292B37CE008ADB4A /* PermissionRequestView.swift */,
				10F4C87E29150EFB0039881A /* MapView.swift */,
				10F4C8962919FAE70039881A /* PointResultView.swift */,
				10346AC628F3E87600A41C6F /* MasterRoomView.swift */,
				10F4C880291510400039881A /* CafeInquiryView.swift */,
				10346AB628F3E77300A41C6F /* PromotionView.swift */,
				10F4C87C29150E770039881A /* LeaderBoardView.swift */,
				10346AB828F3E79200A41C6F /* ShopView.swift */,
				10346ABA28F3E7A300A41C6F /* ShoppingBagView.swift */,
				10346AB228F3E73700A41C6F /* ProfileView.swift */,
				10346AB428F3E74D00A41C6F /* ProfileEditView.swift */,
				10F4C88829153E3F0039881A /* MasterDetailView.swift */,
				10F4C88C291623F30039881A /* FAQView.swift */,
				10346ABC28F3E7CF00A41C6F /* GuideGridView.swift */,
				10346ABE28F3E7F000A41C6F /* GuideView.swift */,
				10F4C88A29161DD50039881A /* PatchNoteView.swift */,
				10F4C88E29162C0D0039881A /* InquiryView.swift */,
			);
			path = Screen;
			sourceTree = "<group>";
		};
		10346AD228F53ED300A41C6F /* Font */ = {
			isa = PBXGroup;
			children = (
				1067B8B229226697008ADB4A /* Roboto-Medium.ttf */,
			);
			path = Font;
			sourceTree = "<group>";
		};
		10346AD728F6723B00A41C6F /* Utility */ = {
			isa = PBXGroup;
			children = (
				10346AD828F6726200A41C6F /* Extension.swift */,
				1067B8C1292394B2008ADB4A /* Modifier.swift */,
				10A4298628F7C8B000D5E6BC /* Navigation.swift */,
				106130B42902C07F0023C22E /* Crowded.swift */,
				106130CC2907B1440023C22E /* CustomURLRequest.swift */,
				106130D029090B810023C22E /* Time.swift */,
				10F4C861290E40590039881A /* ApplicationUtility.swift */,
				10F4C8942918B0940039881A /* CustomError.swift */,
				10F4C898291B60930039881A /* SocialUserType.swift */,
				10F4C89A291BCC320039881A /* PointResultViewType.swift */,
				1067B882291F8134008ADB4A /* AdUnit.swift */,
				10F4C886291515E40039881A /* Laboratory.swift */,
				10D5659A29530FAD005188EA /* Locations.swift */,
			);
			path = Utility;
			sourceTree = "<group>";
		};
		1067B8B829227414008ADB4A /* SubView */ = {
			isa = PBXGroup;
			children = (
				10F4C8722910EFA20039881A /* UIImagePicker.swift */,
				106130D9290B9B6D0023C22E /* CalendarView.swift */,
				10A429DE290107DF00D5E6BC /* GoogleMapView.swift */,
				10F4C882291513D10039881A /* MapSheetCafeInfoView.swift */,
				10F4C884291514060039881A /* MapSheetCafeCrowdedView.swift */,
				10F4C8902917B0330039881A /* ActivatedMasterRoom.swift */,
				10F4C8922917B04E0039881A /* InactivatedMasterRoom.swift */,
				1067B884291F911E008ADB4A /* MiniGoogleMapView.swift */,
			);
			path = SubView;
			sourceTree = "<group>";
		};
		1067B8D7292A117F008ADB4A /* Preview Content */ = {
			isa = PBXGroup;
			children = (
				1067B8D8292A117F008ADB4A /* Preview Assets.xcassets */,
			);
			path = "Preview Content";
			sourceTree = "<group>";
		};
		10A429A628FD6C1100D5E6BC /* Data */ = {
			isa = PBXGroup;
			children = (
				10A429CE28FEB84000D5E6BC /* DTO */,
				10A429A828FD6C4200D5E6BC /* Model */,
				10A429B028FD9E8400D5E6BC /* Repogitory */,
				10A429AB28FD70F600D5E6BC /* HttpRoute.swift */,
			);
			path = Data;
			sourceTree = "<group>";
		};
		10A429A828FD6C4200D5E6BC /* Model */ = {
			isa = PBXGroup;
			children = (
				10A429A928FD6C5200D5E6BC /* Item.swift */,
				10A429CC28FEB5B200D5E6BC /* User.swift */,
				10A429DA29001AE300D5E6BC /* Event.swift */,
				106130AA290237120023C22E /* CafeInfo.swift */,
				106130C82907A8410023C22E /* CafeLog.swift */,
				106130CA2907A8D60023C22E /* CafeMaster.swift */,
				106130E4290BE37A0023C22E /* Paragraph.swift */,
				10F4C868290FE1640039881A /* Purchase.swift */,
				1067B88A291FAE40008ADB4A /* Leader.swift */,
				10D5658E29346A0B005188EA /* Version.swift */,
			);
			path = Model;
			sourceTree = "<group>";
		};
		10A429AD28FD9A6A00D5E6BC /* Resource */ = {
			isa = PBXGroup;
			children = (
				10346AD228F53ED300A41C6F /* Font */,
				10346AA028F3C89400A41C6F /* Assets.xcassets */,
				10346AA728F3C89400A41C6F /* Cafejari.xcdatamodeld */,
				10346AD528F540D200A41C6F /* Info.plist */,
				10F4C863290E48E10039881A /* GoogleService-Info.plist */,
			);
			path = Resource;
			sourceTree = "<group>";
		};
		10A429B028FD9E8400D5E6BC /* Repogitory */ = {
			isa = PBXGroup;
			children = (
				10A429B128FD9EC900D5E6BC /* ShopRepository.swift */,
				10A429C028FE7BC200D5E6BC /* InformationRepository.swift */,
				10A429CA28FE86B200D5E6BC /* TokenRepository.swift */,
				10A429D128FEC20B00D5E6BC /* UserRepository.swift */,
				106130B0290247510023C22E /* CafeRepository.swift */,
				1067B886291FA59D008ADB4A /* LoginRepository.swift */,
			);
			path = Repogitory;
			sourceTree = "<group>";
		};
		10A429B328FE541400D5E6BC /* ViewModel */ = {
			isa = PBXGroup;
			children = (
				10A429B428FE545400D5E6BC /* ShopViewModel.swift */,
				10A429C428FE7E5900D5E6BC /* InformationViewModel.swift */,
				10A429C828FE860100D5E6BC /* BaseViewModel.swift */,
				10A429D428FECFCB00D5E6BC /* UserViewModel.swift */,
				106130B2290248840023C22E /* CafeViewModel.swift */,
				1067B888291FA6C8008ADB4A /* LoginViewModel.swift */,
				10D565922934D15D005188EA /* AdViewModel.swift */,
			);
			path = ViewModel;
			sourceTree = "<group>";
		};
		10A429BB28FE6FAD00D5E6BC /* DI */ = {
			isa = PBXGroup;
			children = (
				10A429BC28FE6FE000D5E6BC /* DependencyInjector.swift */,
				10A429BE28FE76FE00D5E6BC /* Dependencies.swift */,
			);
			path = DI;
			sourceTree = "<group>";
		};
		10A429CE28FEB84000D5E6BC /* DTO */ = {
			isa = PBXGroup;
			children = (
				10A429CF28FEB8F000D5E6BC /* UserDto.swift */,
				106130AC290240A10023C22E /* CafeDto.swift */,
				106130C62907A5E00023C22E /* CafeLogDto.swift */,
				106130E6290BE4040023C22E /* InformationDto.swift */,
				10F4C865290E7DE80039881A /* ErrorResponse.swift */,
			);
			path = DTO;
			sourceTree = "<group>";
		};
		171300182F584E2DBE5C68DA /* Pods */ = {
			isa = PBXGroup;
			children = (
				3A389594E4A234FF2C97D50B /* Pods-Cafejari.debug.xcconfig */,
				BCA0FD4C823537A1AC1DE453 /* Pods-Cafejari.release.xcconfig */,
			);
			path = Pods;
			sourceTree = "<group>";
		};
		AB057A0977318A524213D9FB /* Frameworks */ = {
			isa = PBXGroup;
			children = (
				1067B87C291E3E3F008ADB4A /* AudioToolbox.framework */,
				D0585395CD16568AC4E7D6F5 /* Pods_Cafejari.framework */,
			);
			name = Frameworks;
			sourceTree = "<group>";
		};
/* End PBXGroup section */

/* Begin PBXNativeTarget section */
		10346A9828F3C89300A41C6F /* Cafejari */ = {
			isa = PBXNativeTarget;
			buildConfigurationList = 10346AAC28F3C89400A41C6F /* Build configuration list for PBXNativeTarget "Cafejari" */;
			buildPhases = (
				95217D19641169AD99A33059 /* [CP] Check Pods Manifest.lock */,
				10346A9528F3C89300A41C6F /* Sources */,
				10346A9628F3C89300A41C6F /* Frameworks */,
				10346A9728F3C89300A41C6F /* Resources */,
				1F836527E8364BE40EBF8472 /* [CP] Copy Pods Resources */,
				1087FF5954419D1080AB5764 /* [CP] Embed Pods Frameworks */,
			);
			buildRules = (
			);
			dependencies = (
			);
			name = Cafejari;
			packageProductDependencies = (
				10A4299928FD086B00D5E6BC /* KakaoSDK */,
				10A4299B28FD086B00D5E6BC /* KakaoSDKAuth */,
				10A4299D28FD086B00D5E6BC /* KakaoSDKCommon */,
				10A4299F28FD086B00D5E6BC /* KakaoSDKCommonCore */,
				10A429A128FD086B00D5E6BC /* KakaoSDKUser */,
				10A429B928FE6BC700D5E6BC /* CachedAsyncImage */,
				106130DE290BD3AA0023C22E /* FSCalendar */,
			);
			productName = Cafejari;
			productReference = 10346A9928F3C89300A41C6F /* Cafejari.app */;
			productType = "com.apple.product-type.application";
		};
/* End PBXNativeTarget section */

/* Begin PBXProject section */
		10346A9128F3C89300A41C6F /* Project object */ = {
			isa = PBXProject;
			attributes = {
				BuildIndependentTargetsInParallel = 1;
				LastSwiftUpdateCheck = 1410;
				LastUpgradeCheck = 1410;
				TargetAttributes = {
					10346A9828F3C89300A41C6F = {
						CreatedOnToolsVersion = 14.1;
					};
				};
			};
			buildConfigurationList = 10346A9428F3C89300A41C6F /* Build configuration list for PBXProject "Cafejari" */;
			compatibilityVersion = "Xcode 14.0";
			developmentRegion = en;
			hasScannedForEncodings = 0;
			knownRegions = (
				en,
				Base,
			);
			mainGroup = 10346A9028F3C89300A41C6F;
			packageReferences = (
				10A4299828FD086B00D5E6BC /* XCRemoteSwiftPackageReference "kakao-ios-sdk" */,
				10A429B828FE6BC700D5E6BC /* XCRemoteSwiftPackageReference "swiftui-cached-async-image" */,
				106130DD290BD3AA0023C22E /* XCRemoteSwiftPackageReference "FSCalendar" */,
			);
			productRefGroup = 10346A9A28F3C89300A41C6F /* Products */;
			projectDirPath = "";
			projectRoot = "";
			targets = (
				10346A9828F3C89300A41C6F /* Cafejari */,
			);
		};
/* End PBXProject section */

/* Begin PBXResourcesBuildPhase section */
		10346A9728F3C89300A41C6F /* Resources */ = {
			isa = PBXResourcesBuildPhase;
			buildActionMask = 2147483647;
			files = (
				1067B8B329226697008ADB4A /* Roboto-Medium.ttf in Resources */,
				10F4C864290E48E10039881A /* GoogleService-Info.plist in Resources */,
				10346AA128F3C89400A41C6F /* Assets.xcassets in Resources */,
			);
			runOnlyForDeploymentPostprocessing = 0;
		};
/* End PBXResourcesBuildPhase section */

/* Begin PBXShellScriptBuildPhase section */
		1087FF5954419D1080AB5764 /* [CP] Embed Pods Frameworks */ = {
			isa = PBXShellScriptBuildPhase;
			buildActionMask = 2147483647;
			files = (
			);
			inputFileListPaths = (
				"${PODS_ROOT}/Target Support Files/Pods-Cafejari/Pods-Cafejari-frameworks-${CONFIGURATION}-input-files.xcfilelist",
			);
			name = "[CP] Embed Pods Frameworks";
			outputFileListPaths = (
				"${PODS_ROOT}/Target Support Files/Pods-Cafejari/Pods-Cafejari-frameworks-${CONFIGURATION}-output-files.xcfilelist",
			);
			runOnlyForDeploymentPostprocessing = 0;
			shellPath = /bin/sh;
			shellScript = "\"${PODS_ROOT}/Target Support Files/Pods-Cafejari/Pods-Cafejari-frameworks.sh\"\n";
			showEnvVarsInLog = 0;
		};
		1F836527E8364BE40EBF8472 /* [CP] Copy Pods Resources */ = {
			isa = PBXShellScriptBuildPhase;
			buildActionMask = 2147483647;
			files = (
			);
			inputFileListPaths = (
				"${PODS_ROOT}/Target Support Files/Pods-Cafejari/Pods-Cafejari-resources-${CONFIGURATION}-input-files.xcfilelist",
			);
			name = "[CP] Copy Pods Resources";
			outputFileListPaths = (
				"${PODS_ROOT}/Target Support Files/Pods-Cafejari/Pods-Cafejari-resources-${CONFIGURATION}-output-files.xcfilelist",
			);
			runOnlyForDeploymentPostprocessing = 0;
			shellPath = /bin/sh;
			shellScript = "\"${PODS_ROOT}/Target Support Files/Pods-Cafejari/Pods-Cafejari-resources.sh\"\n";
			showEnvVarsInLog = 0;
		};
		95217D19641169AD99A33059 /* [CP] Check Pods Manifest.lock */ = {
			isa = PBXShellScriptBuildPhase;
			buildActionMask = 2147483647;
			files = (
			);
			inputFileListPaths = (
			);
			inputPaths = (
				"${PODS_PODFILE_DIR_PATH}/Podfile.lock",
				"${PODS_ROOT}/Manifest.lock",
			);
			name = "[CP] Check Pods Manifest.lock";
			outputFileListPaths = (
			);
			outputPaths = (
				"$(DERIVED_FILE_DIR)/Pods-Cafejari-checkManifestLockResult.txt",
			);
			runOnlyForDeploymentPostprocessing = 0;
			shellPath = /bin/sh;
			shellScript = "diff \"${PODS_PODFILE_DIR_PATH}/Podfile.lock\" \"${PODS_ROOT}/Manifest.lock\" > /dev/null\nif [ $? != 0 ] ; then\n    # print error to STDERR\n    echo \"error: The sandbox is not in sync with the Podfile.lock. Run 'pod install' or update your CocoaPods installation.\" >&2\n    exit 1\nfi\n# This output is used by Xcode 'outputs' to avoid re-running this script phase.\necho \"SUCCESS\" > \"${SCRIPT_OUTPUT_FILE_0}\"\n";
			showEnvVarsInLog = 0;
		};
/* End PBXShellScriptBuildPhase section */

/* Begin PBXSourcesBuildPhase section */
		10346A9528F3C89300A41C6F /* Sources */ = {
			isa = PBXSourcesBuildPhase;
			buildActionMask = 2147483647;
			files = (
				10346AA628F3C89400A41C6F /* Persistence.swift in Sources */,
				106130BD290636C70023C22E /* RoundButton.swift in Sources */,
				106130DA290B9B6D0023C22E /* CalendarView.swift in Sources */,
				10A429D728FFBC9C00D5E6BC /* CoreState.swift in Sources */,
				106130AD290240A10023C22E /* CafeDto.swift in Sources */,
				10F4C87F29150EFB0039881A /* MapView.swift in Sources */,
				10F4C883291513D10039881A /* MapSheetCafeInfoView.swift in Sources */,
				1067B889291FA6C8008ADB4A /* LoginViewModel.swift in Sources */,
				10F4C869290FE1640039881A /* Purchase.swift in Sources */,
				10346ABB28F3E7A300A41C6F /* ShoppingBagView.swift in Sources */,
				10D5658F29346A0B005188EA /* Version.swift in Sources */,
				106130CB2907A8D60023C22E /* CafeMaster.swift in Sources */,
				1067B87F291E571B008ADB4A /* AdBannerView.swift in Sources */,
				10F4C881291510400039881A /* CafeInquiryView.swift in Sources */,
				10F4C87D29150E770039881A /* LeaderBoardView.swift in Sources */,
				10F4C899291B60930039881A /* SocialUserType.swift in Sources */,
				1067B887291FA59D008ADB4A /* LoginRepository.swift in Sources */,
				10F4C862290E40590039881A /* ApplicationUtility.swift in Sources */,
				10D5659B29530FAD005188EA /* Locations.swift in Sources */,
				10F4C8932917B04E0039881A /* InactivatedMasterRoom.swift in Sources */,
				10A429BF28FE76FE00D5E6BC /* Dependencies.swift in Sources */,
				10346AB728F3E77300A41C6F /* PromotionView.swift in Sources */,
				10A429AA28FD6C5200D5E6BC /* Item.swift in Sources */,
				10A429DB29001AE300D5E6BC /* Event.swift in Sources */,
				10F4C8952918B0940039881A /* CustomError.swift in Sources */,
				106130E9290BFCB40023C22E /* Spacer.swift in Sources */,
				1067B8D029264B2C008ADB4A /* NavigationTitle.swift in Sources */,
				10A429B228FD9EC900D5E6BC /* ShopRepository.swift in Sources */,
				10F4C88B29161DD50039881A /* PatchNoteView.swift in Sources */,
				10346AB328F3E73700A41C6F /* ProfileView.swift in Sources */,
				10A429DD2900FC1C00D5E6BC /* AppDelegate.swift in Sources */,
				10A429C128FE7BC200D5E6BC /* InformationRepository.swift in Sources */,
				10F4C8712910DE450039881A /* AppleLoginButton.swift in Sources */,
				10F4C87529122EB40039881A /* SnackBar.swift in Sources */,
				106130B3290248840023C22E /* CafeViewModel.swift in Sources */,
				106130CD2907B1440023C22E /* CustomURLRequest.swift in Sources */,
				106130AB290237120023C22E /* CafeInfo.swift in Sources */,
				10346AA928F3C89400A41C6F /* Cafejari.xcdatamodeld in Sources */,
				10F4C89B291BCC320039881A /* PointResultViewType.swift in Sources */,
				10F4C8732910EFA20039881A /* UIImagePicker.swift in Sources */,
				106130D129090B810023C22E /* Time.swift in Sources */,
				10346AD928F6726200A41C6F /* Extension.swift in Sources */,
				106130B7290402A50023C22E /* CustomMarkerInfoWindow.swift in Sources */,
				1067B8BA2922759E008ADB4A /* BorderedCtaButton.swift in Sources */,
				10A429C928FE860100D5E6BC /* BaseViewModel.swift in Sources */,
				10D565932934D15D005188EA /* AdViewModel.swift in Sources */,
				10F4C8972919FAE70039881A /* PointResultView.swift in Sources */,
				106130C32906B7450023C22E /* SheetHandle.swift in Sources */,
				106130E5290BE37A0023C22E /* Paragraph.swift in Sources */,
				10346AC728F3E87600A41C6F /* MasterRoomView.swift in Sources */,
				1067B8D22927480D008ADB4A /* SecondaryDivider.swift in Sources */,
				10A429D228FEC20B00D5E6BC /* UserRepository.swift in Sources */,
				1067B8CE2924FB9B008ADB4A /* CrowdedColorBar.swift in Sources */,
				10F4C86F2910DB2C0039881A /* GoogleLoginButton.swift in Sources */,
				10D565952935E01E005188EA /* AdRewardedInterstitialView.swift in Sources */,
				10346AB528F3E74D00A41C6F /* ProfileEditView.swift in Sources */,
				10A429CB28FE86B200D5E6BC /* TokenRepository.swift in Sources */,
				10346ABD28F3E7CF00A41C6F /* GuideGridView.swift in Sources */,
				1067B8C2292394B2008ADB4A /* Modifier.swift in Sources */,
				10F4C887291515E40039881A /* Laboratory.swift in Sources */,
				10A429C528FE7E5900D5E6BC /* InformationViewModel.swift in Sources */,
				1067B881291E6CE4008ADB4A /* AdInterstitialView.swift in Sources */,
				106130E7290BE4040023C22E /* InformationDto.swift in Sources */,
				1067B883291F8134008ADB4A /* AdUnit.swift in Sources */,
				10346ABF28F3E7F000A41C6F /* GuideView.swift in Sources */,
				106130D5290A5F0B0023C22E /* RoundProfileImage.swift in Sources */,
				1067B88B291FAE40008ADB4A /* Leader.swift in Sources */,
				10A4299528FBC04D00D5E6BC /* FloorTap.swift in Sources */,
				10A4299728FC104100D5E6BC /* SplachView.swift in Sources */,
				1067B885291F911E008ADB4A /* MiniGoogleMapView.swift in Sources */,
				10A429CD28FEB5B200D5E6BC /* User.swift in Sources */,
				1067B8B7292273FA008ADB4A /* FilledCtaButton.swift in Sources */,
				10F4C86D2910DA100039881A /* KakaoLoginButton.swift in Sources */,
				10A429DF290107E000D5E6BC /* GoogleMapView.swift in Sources */,
				10F4C88929153E3F0039881A /* MasterDetailView.swift in Sources */,
				10F4C87929129C3B0039881A /* Dialog.swift in Sources */,
				10A429AC28FD70F600D5E6BC /* HttpRoute.swift in Sources */,
				10A429D028FEB8F000D5E6BC /* UserDto.swift in Sources */,
				10F4C88D291623F30039881A /* FAQView.swift in Sources */,
				10A429BD28FE6FE000D5E6BC /* DependencyInjector.swift in Sources */,
				10346AB928F3E79200A41C6F /* ShopView.swift in Sources */,
				10346ACD28F3EAE700A41C6F /* AuthView.swift in Sources */,
				1067B8C62923A17B008ADB4A /* CheckBox.swift in Sources */,
				10346AC928F3EA0F00A41C6F /* LoginView.swift in Sources */,
				10F4C8912917B0330039881A /* ActivatedMasterRoom.swift in Sources */,
				106130C72907A5E00023C22E /* CafeLogDto.swift in Sources */,
				106130B52902C07F0023C22E /* Crowded.swift in Sources */,
				106130C92907A8410023C22E /* CafeLog.swift in Sources */,
				10D56599294ED257005188EA /* OnboardingDialog.swift in Sources */,
				10A4298728F7C8B000D5E6BC /* Navigation.swift in Sources */,
				10F4C88F29162C0D0039881A /* InquiryView.swift in Sources */,
				10F4C885291514060039881A /* MapSheetCafeCrowdedView.swift in Sources */,
				1067B8BE292343E6008ADB4A /* RoundTimeFrame.swift in Sources */,
				10F4C866290E7DE80039881A /* ErrorResponse.swift in Sources */,
				10346A9D28F3C89300A41C6F /* CafejariApp.swift in Sources */,
				106130BF290660520023C22E /* FullScreenLoadingView.swift in Sources */,
				10A429D528FECFCB00D5E6BC /* UserViewModel.swift in Sources */,
				1067B8CC2924AF8B008ADB4A /* MenuItem.swift in Sources */,
				1067B8DA292B37CE008ADB4A /* PermissionRequestView.swift in Sources */,
				106130B1290247510023C22E /* CafeRepository.swift in Sources */,
				10A429B528FE545400D5E6BC /* ShopViewModel.swift in Sources */,
			);
			runOnlyForDeploymentPostprocessing = 0;
		};
/* End PBXSourcesBuildPhase section */

/* Begin XCBuildConfiguration section */
		10346AAA28F3C89400A41C6F /* Debug */ = {
			isa = XCBuildConfiguration;
			baseConfigurationReference = 3A389594E4A234FF2C97D50B /* Pods-Cafejari.debug.xcconfig */;
			buildSettings = {
				ALWAYS_SEARCH_USER_PATHS = NO;
				CLANG_ANALYZER_NONNULL = YES;
				CLANG_ANALYZER_NUMBER_OBJECT_CONVERSION = YES_AGGRESSIVE;
				CLANG_CXX_LANGUAGE_STANDARD = "gnu++20";
				CLANG_ENABLE_MODULES = YES;
				CLANG_ENABLE_OBJC_ARC = YES;
				CLANG_ENABLE_OBJC_WEAK = YES;
				CLANG_WARN_BLOCK_CAPTURE_AUTORELEASING = YES;
				CLANG_WARN_BOOL_CONVERSION = YES;
				CLANG_WARN_COMMA = YES;
				CLANG_WARN_CONSTANT_CONVERSION = YES;
				CLANG_WARN_DEPRECATED_OBJC_IMPLEMENTATIONS = YES;
				CLANG_WARN_DIRECT_OBJC_ISA_USAGE = YES_ERROR;
				CLANG_WARN_DOCUMENTATION_COMMENTS = YES;
				CLANG_WARN_EMPTY_BODY = YES;
				CLANG_WARN_ENUM_CONVERSION = YES;
				CLANG_WARN_INFINITE_RECURSION = YES;
				CLANG_WARN_INT_CONVERSION = YES;
				CLANG_WARN_NON_LITERAL_NULL_CONVERSION = YES;
				CLANG_WARN_OBJC_IMPLICIT_RETAIN_SELF = YES;
				CLANG_WARN_OBJC_LITERAL_CONVERSION = YES;
				CLANG_WARN_OBJC_ROOT_CLASS = YES_ERROR;
				CLANG_WARN_QUOTED_INCLUDE_IN_FRAMEWORK_HEADER = YES;
				CLANG_WARN_RANGE_LOOP_ANALYSIS = YES;
				CLANG_WARN_STRICT_PROTOTYPES = YES;
				CLANG_WARN_SUSPICIOUS_MOVE = YES;
				CLANG_WARN_UNGUARDED_AVAILABILITY = YES_AGGRESSIVE;
				CLANG_WARN_UNREACHABLE_CODE = YES;
				CLANG_WARN__DUPLICATE_METHOD_MATCH = YES;
				COPY_PHASE_STRIP = NO;
				DEBUG_INFORMATION_FORMAT = dwarf;
				ENABLE_STRICT_OBJC_MSGSEND = YES;
				ENABLE_TESTABILITY = YES;
				GCC_C_LANGUAGE_STANDARD = gnu11;
				GCC_DYNAMIC_NO_PIC = NO;
				GCC_NO_COMMON_BLOCKS = YES;
				GCC_OPTIMIZATION_LEVEL = 0;
				GCC_PREPROCESSOR_DEFINITIONS = (
					"DEBUG=1",
					"$(inherited)",
				);
				GCC_WARN_64_TO_32_BIT_CONVERSION = YES;
				GCC_WARN_ABOUT_RETURN_TYPE = YES_ERROR;
				GCC_WARN_UNDECLARED_SELECTOR = YES;
				GCC_WARN_UNINITIALIZED_AUTOS = YES_AGGRESSIVE;
				GCC_WARN_UNUSED_FUNCTION = YES;
				GCC_WARN_UNUSED_VARIABLE = YES;
				IPHONEOS_DEPLOYMENT_TARGET = 16.0;
				MTL_ENABLE_DEBUG_INFO = INCLUDE_SOURCE;
				MTL_FAST_MATH = YES;
				ONLY_ACTIVE_ARCH = YES;
				SDKROOT = iphoneos;
				SWIFT_ACTIVE_COMPILATION_CONDITIONS = DEBUG;
				SWIFT_OPTIMIZATION_LEVEL = "-Onone";
			};
			name = Debug;
		};
		10346AAB28F3C89400A41C6F /* Release */ = {
			isa = XCBuildConfiguration;
			baseConfigurationReference = BCA0FD4C823537A1AC1DE453 /* Pods-Cafejari.release.xcconfig */;
			buildSettings = {
				ALWAYS_SEARCH_USER_PATHS = NO;
				CLANG_ANALYZER_NONNULL = YES;
				CLANG_ANALYZER_NUMBER_OBJECT_CONVERSION = YES_AGGRESSIVE;
				CLANG_CXX_LANGUAGE_STANDARD = "gnu++20";
				CLANG_ENABLE_MODULES = YES;
				CLANG_ENABLE_OBJC_ARC = YES;
				CLANG_ENABLE_OBJC_WEAK = YES;
				CLANG_WARN_BLOCK_CAPTURE_AUTORELEASING = YES;
				CLANG_WARN_BOOL_CONVERSION = YES;
				CLANG_WARN_COMMA = YES;
				CLANG_WARN_CONSTANT_CONVERSION = YES;
				CLANG_WARN_DEPRECATED_OBJC_IMPLEMENTATIONS = YES;
				CLANG_WARN_DIRECT_OBJC_ISA_USAGE = YES_ERROR;
				CLANG_WARN_DOCUMENTATION_COMMENTS = YES;
				CLANG_WARN_EMPTY_BODY = YES;
				CLANG_WARN_ENUM_CONVERSION = YES;
				CLANG_WARN_INFINITE_RECURSION = YES;
				CLANG_WARN_INT_CONVERSION = YES;
				CLANG_WARN_NON_LITERAL_NULL_CONVERSION = YES;
				CLANG_WARN_OBJC_IMPLICIT_RETAIN_SELF = YES;
				CLANG_WARN_OBJC_LITERAL_CONVERSION = YES;
				CLANG_WARN_OBJC_ROOT_CLASS = YES_ERROR;
				CLANG_WARN_QUOTED_INCLUDE_IN_FRAMEWORK_HEADER = YES;
				CLANG_WARN_RANGE_LOOP_ANALYSIS = YES;
				CLANG_WARN_STRICT_PROTOTYPES = YES;
				CLANG_WARN_SUSPICIOUS_MOVE = YES;
				CLANG_WARN_UNGUARDED_AVAILABILITY = YES_AGGRESSIVE;
				CLANG_WARN_UNREACHABLE_CODE = YES;
				CLANG_WARN__DUPLICATE_METHOD_MATCH = YES;
				COPY_PHASE_STRIP = NO;
				DEBUG_INFORMATION_FORMAT = "dwarf-with-dsym";
				ENABLE_NS_ASSERTIONS = NO;
				ENABLE_STRICT_OBJC_MSGSEND = YES;
				GCC_C_LANGUAGE_STANDARD = gnu11;
				GCC_NO_COMMON_BLOCKS = YES;
				GCC_WARN_64_TO_32_BIT_CONVERSION = YES;
				GCC_WARN_ABOUT_RETURN_TYPE = YES_ERROR;
				GCC_WARN_UNDECLARED_SELECTOR = YES;
				GCC_WARN_UNINITIALIZED_AUTOS = YES_AGGRESSIVE;
				GCC_WARN_UNUSED_FUNCTION = YES;
				GCC_WARN_UNUSED_VARIABLE = YES;
				IPHONEOS_DEPLOYMENT_TARGET = 16.0;
				MTL_ENABLE_DEBUG_INFO = NO;
				MTL_FAST_MATH = YES;
				SDKROOT = iphoneos;
				SWIFT_COMPILATION_MODE = wholemodule;
				SWIFT_OPTIMIZATION_LEVEL = "-O";
				VALIDATE_PRODUCT = YES;
			};
			name = Release;
		};
		10346AAD28F3C89400A41C6F /* Debug */ = {
			isa = XCBuildConfiguration;
			baseConfigurationReference = 3A389594E4A234FF2C97D50B /* Pods-Cafejari.debug.xcconfig */;
			buildSettings = {
				ASSETCATALOG_COMPILER_APPICON_NAME = AppIcon;
				ASSETCATALOG_COMPILER_GLOBAL_ACCENT_COLOR_NAME = AccentColor;
				ASSETCATALOG_COMPILER_INCLUDE_ALL_APPICON_ASSETS = YES;
				CODE_SIGN_ENTITLEMENTS = Cafejari/Cafejari.entitlements;
				CODE_SIGN_STYLE = Automatic;
				CURRENT_PROJECT_VERSION = 12;
				DEVELOPMENT_ASSET_PATHS = "\"Cafejari/Preview Content\"";
				DEVELOPMENT_TEAM = 59FUVDK9GN;
				ENABLE_PREVIEWS = YES;
				GENERATE_INFOPLIST_FILE = YES;
				INFOPLIST_FILE = Cafejari/Resource/Info.plist;
				INFOPLIST_KEY_CFBundleDisplayName = "카페자리";
				INFOPLIST_KEY_NSLocationWhenInUseUsageDescription = "해당 권한은 지도에서 내 위치를 확인할 때, 유저가 카페에 위치해있는지 확인할 때 활용됩니다. 대략적인 위치정보만 허용하거나, 위치 정보를 허용하지 않으시면 마스터 활동을 할 수 없는 등 서비스 이용에 차질이 있을 수 있습니다.";
				INFOPLIST_KEY_NSPhotoLibraryAddUsageDescription = "프로필 사진 변경을 위해 모든사진에 대한 접근을 허용해주세요.";
				INFOPLIST_KEY_NSPhotoLibraryUsageDescription = "해당 권한은 프로필 사진 변경을 위해 필요합니다. 모든사진에 대한 접근을 허용해주세요.";
				INFOPLIST_KEY_UIApplicationSceneManifest_Generation = YES;
				INFOPLIST_KEY_UIApplicationSupportsIndirectInputEvents = YES;
				INFOPLIST_KEY_UILaunchScreen_Generation = YES;
				INFOPLIST_KEY_UIStatusBarStyle = "";
				INFOPLIST_KEY_UISupportedInterfaceOrientations = UIInterfaceOrientationPortrait;
				INFOPLIST_KEY_UISupportedInterfaceOrientations_iPad = "UIInterfaceOrientationLandscapeLeft UIInterfaceOrientationLandscapeRight UIInterfaceOrientationPortrait UIInterfaceOrientationPortraitUpsideDown";
				INFOPLIST_KEY_UIUserInterfaceStyle = Light;
				IPHONEOS_DEPLOYMENT_TARGET = 16.0;
				LD_RUNPATH_SEARCH_PATHS = (
					"$(inherited)",
					"@executable_path/Frameworks",
				);
				MARKETING_VERSION = 1.1.2;
				PRODUCT_BUNDLE_IDENTIFIER = com.software.Cafejari;
				PRODUCT_NAME = "$(TARGET_NAME)";
				SUPPORTED_PLATFORMS = "iphoneos iphonesimulator";
				SUPPORTS_MACCATALYST = NO;
				SUPPORTS_MAC_DESIGNED_FOR_IPHONE_IPAD = NO;
				SWIFT_EMIT_LOC_STRINGS = YES;
				SWIFT_VERSION = 5.0;
				TARGETED_DEVICE_FAMILY = 1;
			};
			name = Debug;
		};
		10346AAE28F3C89400A41C6F /* Release */ = {
			isa = XCBuildConfiguration;
			baseConfigurationReference = BCA0FD4C823537A1AC1DE453 /* Pods-Cafejari.release.xcconfig */;
			buildSettings = {
				ASSETCATALOG_COMPILER_APPICON_NAME = AppIcon;
				ASSETCATALOG_COMPILER_GLOBAL_ACCENT_COLOR_NAME = AccentColor;
				ASSETCATALOG_COMPILER_INCLUDE_ALL_APPICON_ASSETS = YES;
				CODE_SIGN_ENTITLEMENTS = Cafejari/Cafejari.entitlements;
				CODE_SIGN_STYLE = Automatic;
				CURRENT_PROJECT_VERSION = 12;
				DEVELOPMENT_ASSET_PATHS = "\"Cafejari/Preview Content\"";
				DEVELOPMENT_TEAM = 59FUVDK9GN;
				ENABLE_PREVIEWS = YES;
				GENERATE_INFOPLIST_FILE = YES;
				INFOPLIST_FILE = Cafejari/Resource/Info.plist;
				INFOPLIST_KEY_CFBundleDisplayName = "카페자리";
				INFOPLIST_KEY_NSLocationWhenInUseUsageDescription = "해당 권한은 지도에서 내 위치를 확인할 때, 유저가 카페에 위치해있는지 확인할 때 활용됩니다. 대략적인 위치정보만 허용하거나, 위치 정보를 허용하지 않으시면 마스터 활동을 할 수 없는 등 서비스 이용에 차질이 있을 수 있습니다.";
				INFOPLIST_KEY_NSPhotoLibraryAddUsageDescription = "프로필 사진 변경을 위해 모든사진에 대한 접근을 허용해주세요.";
				INFOPLIST_KEY_NSPhotoLibraryUsageDescription = "해당 권한은 프로필 사진 변경을 위해 필요합니다. 모든사진에 대한 접근을 허용해주세요.";
				INFOPLIST_KEY_UIApplicationSceneManifest_Generation = YES;
				INFOPLIST_KEY_UIApplicationSupportsIndirectInputEvents = YES;
				INFOPLIST_KEY_UILaunchScreen_Generation = YES;
				INFOPLIST_KEY_UIStatusBarStyle = "";
				INFOPLIST_KEY_UISupportedInterfaceOrientations = UIInterfaceOrientationPortrait;
				INFOPLIST_KEY_UISupportedInterfaceOrientations_iPad = "UIInterfaceOrientationLandscapeLeft UIInterfaceOrientationLandscapeRight UIInterfaceOrientationPortrait UIInterfaceOrientationPortraitUpsideDown";
				INFOPLIST_KEY_UIUserInterfaceStyle = Light;
				IPHONEOS_DEPLOYMENT_TARGET = 16.0;
				LD_RUNPATH_SEARCH_PATHS = (
					"$(inherited)",
					"@executable_path/Frameworks",
				);
				MARKETING_VERSION = 1.1.2;
				PRODUCT_BUNDLE_IDENTIFIER = com.software.Cafejari;
				PRODUCT_NAME = "$(TARGET_NAME)";
				SUPPORTED_PLATFORMS = "iphoneos iphonesimulator";
				SUPPORTS_MACCATALYST = NO;
				SUPPORTS_MAC_DESIGNED_FOR_IPHONE_IPAD = NO;
				SWIFT_EMIT_LOC_STRINGS = YES;
				SWIFT_VERSION = 5.0;
				TARGETED_DEVICE_FAMILY = 1;
			};
			name = Release;
		};
/* End XCBuildConfiguration section */

/* Begin XCConfigurationList section */
		10346A9428F3C89300A41C6F /* Build configuration list for PBXProject "Cafejari" */ = {
			isa = XCConfigurationList;
			buildConfigurations = (
				10346AAA28F3C89400A41C6F /* Debug */,
				10346AAB28F3C89400A41C6F /* Release */,
			);
			defaultConfigurationIsVisible = 0;
			defaultConfigurationName = Release;
		};
		10346AAC28F3C89400A41C6F /* Build configuration list for PBXNativeTarget "Cafejari" */ = {
			isa = XCConfigurationList;
			buildConfigurations = (
				10346AAD28F3C89400A41C6F /* Debug */,
				10346AAE28F3C89400A41C6F /* Release */,
			);
			defaultConfigurationIsVisible = 0;
			defaultConfigurationName = Release;
		};
/* End XCConfigurationList section */

/* Begin XCRemoteSwiftPackageReference section */
		106130DD290BD3AA0023C22E /* XCRemoteSwiftPackageReference "FSCalendar" */ = {
			isa = XCRemoteSwiftPackageReference;
			repositoryURL = "https://github.com/WenchaoD/FSCalendar";
			requirement = {
				kind = upToNextMajorVersion;
				minimumVersion = 2.0.0;
			};
		};
		10A4299828FD086B00D5E6BC /* XCRemoteSwiftPackageReference "kakao-ios-sdk" */ = {
			isa = XCRemoteSwiftPackageReference;
			repositoryURL = "https://github.com/kakao/kakao-ios-sdk";
			requirement = {
				branch = master;
				kind = branch;
			};
		};
		10A429B828FE6BC700D5E6BC /* XCRemoteSwiftPackageReference "swiftui-cached-async-image" */ = {
			isa = XCRemoteSwiftPackageReference;
			repositoryURL = "https://github.com/lorenzofiamingo/swiftui-cached-async-image";
			requirement = {
				kind = upToNextMajorVersion;
				minimumVersion = 2.0.0;
			};
		};
/* End XCRemoteSwiftPackageReference section */

/* Begin XCSwiftPackageProductDependency section */
		106130DE290BD3AA0023C22E /* FSCalendar */ = {
			isa = XCSwiftPackageProductDependency;
			package = 106130DD290BD3AA0023C22E /* XCRemoteSwiftPackageReference "FSCalendar" */;
			productName = FSCalendar;
		};
		10A4299928FD086B00D5E6BC /* KakaoSDK */ = {
			isa = XCSwiftPackageProductDependency;
			package = 10A4299828FD086B00D5E6BC /* XCRemoteSwiftPackageReference "kakao-ios-sdk" */;
			productName = KakaoSDK;
		};
		10A4299B28FD086B00D5E6BC /* KakaoSDKAuth */ = {
			isa = XCSwiftPackageProductDependency;
			package = 10A4299828FD086B00D5E6BC /* XCRemoteSwiftPackageReference "kakao-ios-sdk" */;
			productName = KakaoSDKAuth;
		};
		10A4299D28FD086B00D5E6BC /* KakaoSDKCommon */ = {
			isa = XCSwiftPackageProductDependency;
			package = 10A4299828FD086B00D5E6BC /* XCRemoteSwiftPackageReference "kakao-ios-sdk" */;
			productName = KakaoSDKCommon;
		};
		10A4299F28FD086B00D5E6BC /* KakaoSDKCommonCore */ = {
			isa = XCSwiftPackageProductDependency;
			package = 10A4299828FD086B00D5E6BC /* XCRemoteSwiftPackageReference "kakao-ios-sdk" */;
			productName = KakaoSDKCommonCore;
		};
		10A429A128FD086B00D5E6BC /* KakaoSDKUser */ = {
			isa = XCSwiftPackageProductDependency;
			package = 10A4299828FD086B00D5E6BC /* XCRemoteSwiftPackageReference "kakao-ios-sdk" */;
			productName = KakaoSDKUser;
		};
		10A429B928FE6BC700D5E6BC /* CachedAsyncImage */ = {
			isa = XCSwiftPackageProductDependency;
			package = 10A429B828FE6BC700D5E6BC /* XCRemoteSwiftPackageReference "swiftui-cached-async-image" */;
			productName = CachedAsyncImage;
		};
/* End XCSwiftPackageProductDependency section */

/* Begin XCVersionGroup section */
		10346AA728F3C89400A41C6F /* Cafejari.xcdatamodeld */ = {
			isa = XCVersionGroup;
			children = (
				10346AA828F3C89400A41C6F /* Cafejari.xcdatamodel */,
			);
			currentVersion = 10346AA828F3C89400A41C6F /* Cafejari.xcdatamodel */;
			path = Cafejari.xcdatamodeld;
			sourceTree = "<group>";
			versionGroupType = wrapper.xcdatamodel;
		};
/* End XCVersionGroup section */
	};
	rootObject = 10346A9128F3C89300A41C6F /* Project object */;
}
